
Microsoft Visual Studio Solution File, Format Version 12.00
Project("{FAE04EC0-301F-11D3-BF4B-00C04F79EFBC}") = "DM1", "DM1\DM1.csproj", "{99167FF4-024C-4463-89BD-3A8111D563F6}"
EndProject
Global
	GlobalSection(SolutionConfigurationPlatforms) = preSolution
		Debug|Any CPU = Debug|Any CPU
		Release|Any CPU = Release|Any CPU
	EndGlobalSection
	GlobalSection(ProjectConfigurationPlatforms) = postSolution
		{99167FF4-024C-4463-89BD-3A8111D563F6}.Debug|Any CPU.ActiveCfg = Debug|Any CPU
		{99167FF4-024C-4463-89BD-3A8111D563F6}.Debug|Any CPU.Build.0 = Debug|Any CPU
		{99167FF4-024C-4463-89BD-3A8111D563F6}.Release|Any CPU.ActiveCfg = Release|Any CPU
		{99167FF4-024C-4463-89BD-3A8111D563F6}.Release|Any CPU.Build.0 = Release|Any CPU
	EndGlobalSection
EndGlobal
